{
    "version": 3,
    "terraform_version": "0.11.7",
    "serial": 3,
    "lineage": "8af500dc-5e35-8f12-a0be-d3d38ccc57e0",
    "modules": [
        {
            "path": [
                "root"
            ],
            "outputs": {
                "public_ip_address": {
                    "sensitive": false,
                    "type": "string",
                    "value": "104.45.155.55"
                }
            },
            "resources": {
                "azurerm_public_ip.dev": {
                    "type": "azurerm_public_ip",
                    "depends_on": [
                        "azurerm_resource_group.dev"
                    ],
                    "primary": {
                        "id": "/subscriptions/8bf1d322-574a-48c5-9d80-28ec36f8447c/resourceGroups/development/providers/Microsoft.Network/publicIPAddresses/dev-pip",
                        "attributes": {
                            "id": "/subscriptions/8bf1d322-574a-48c5-9d80-28ec36f8447c/resourceGroups/development/providers/Microsoft.Network/publicIPAddresses/dev-pip",
                            "idle_timeout_in_minutes": "4",
                            "ip_address": "104.45.155.55",
                            "location": "eastus",
                            "name": "dev-pip",
                            "public_ip_address_allocation": "static",
                            "resource_group_name": "development",
                            "sku": "Basic",
                            "tags.%": "1",
                            "tags.environment": "dev",
                            "zones.#": "0"
                        },
                        "meta": {},
                        "tainted": false
                    },
                    "deposed": [],
                    "provider": "provider.azurerm"
                },
                "azurerm_resource_group.dev": {
                    "type": "azurerm_resource_group",
                    "depends_on": [],
                    "primary": {
                        "id": "/subscriptions/8bf1d322-574a-48c5-9d80-28ec36f8447c/resourceGroups/development",
                        "attributes": {
                            "id": "/subscriptions/8bf1d322-574a-48c5-9d80-28ec36f8447c/resourceGroups/development",
                            "location": "eastus",
                            "name": "development",
                            "tags.%": "0"
                        },
                        "meta": {},
                        "tainted": false
                    },
                    "deposed": [],
                    "provider": "provider.azurerm"
                },
                "azurerm_subnet.dev": {
                    "type": "azurerm_subnet",
                    "depends_on": [
                        "azurerm_resource_group.dev",
                        "azurerm_virtual_network.dev"
                    ],
                    "primary": {
                        "id": "/subscriptions/8bf1d322-574a-48c5-9d80-28ec36f8447c/resourceGroups/development/providers/Microsoft.Network/virtualNetworks/dev-network/subnets/devsub",
                        "attributes": {
                            "address_prefix": "192.168.1.0/24",
                            "id": "/subscriptions/8bf1d322-574a-48c5-9d80-28ec36f8447c/resourceGroups/development/providers/Microsoft.Network/virtualNetworks/dev-network/subnets/devsub",
                            "ip_configurations.#": "0",
                            "name": "devsub",
                            "resource_group_name": "development",
                            "service_endpoints.#": "0",
                            "virtual_network_name": "dev-network"
                        },
                        "meta": {},
                        "tainted": false
                    },
                    "deposed": [],
                    "provider": "provider.azurerm"
                },
                "azurerm_virtual_network.dev": {
                    "type": "azurerm_virtual_network",
                    "depends_on": [
                        "azurerm_resource_group.dev"
                    ],
                    "primary": {
                        "id": "/subscriptions/8bf1d322-574a-48c5-9d80-28ec36f8447c/resourceGroups/development/providers/Microsoft.Network/virtualNetworks/dev-network",
                        "attributes": {
                            "address_space.#": "1",
                            "address_space.0": "192.168.0.0/16",
                            "dns_servers.#": "0",
                            "id": "/subscriptions/8bf1d322-574a-48c5-9d80-28ec36f8447c/resourceGroups/development/providers/Microsoft.Network/virtualNetworks/dev-network",
                            "location": "eastus",
                            "name": "dev-network",
                            "resource_group_name": "development",
                            "subnet.#": "1",
                            "subnet.3016997061.address_prefix": "192.168.1.0/24",
                            "subnet.3016997061.name": "devsub",
                            "subnet.3016997061.security_group": "",
                            "tags.%": "0"
                        },
                        "meta": {},
                        "tainted": false
                    },
                    "deposed": [],
                    "provider": "provider.azurerm"
                },
                "data.azurerm_public_ip.dev": {
                    "type": "azurerm_public_ip",
                    "depends_on": [
                        "azurerm_public_ip.dev",
                        "azurerm_virtual_machine.dev"
                    ],
                    "primary": {
                        "id": "/subscriptions/8bf1d322-574a-48c5-9d80-28ec36f8447c/resourceGroups/development/providers/Microsoft.Network/publicIPAddresses/dev-pip",
                        "attributes": {
                            "id": "/subscriptions/8bf1d322-574a-48c5-9d80-28ec36f8447c/resourceGroups/development/providers/Microsoft.Network/publicIPAddresses/dev-pip",
                            "idle_timeout_in_minutes": "4",
                            "ip_address": "104.45.155.55",
                            "name": "dev-pip",
                            "resource_group_name": "development",
                            "tags.%": "1",
                            "tags.environment": "dev"
                        },
                        "meta": {},
                        "tainted": false
                    },
                    "deposed": [],
                    "provider": "provider.azurerm"
                }
            },
            "depends_on": []
        }
    ]
}
